
Microsoft Visual Studio Solution File, Format Version 12.00
# Visual Studio Version 16
VisualStudioVersion = 16.0.31402.337
MinimumVisualStudioVersion = 10.0.40219.1
Project("{FAE04EC0-301F-11D3-BF4B-00C04F79EFBC}") = "RegistrationForm6", "RegistrationForm6\RegistrationForm6.csproj", "{728E50DC-457E-43F8-B611-513EEF048832}"
EndProject
Global
	GlobalSection(SolutionConfigurationPlatforms) = preSolution
		Debug|Any CPU = Debug|Any CPU
		Release|Any CPU = Release|Any CPU
	EndGlobalSection
	GlobalSection(ProjectConfigurationPlatforms) = postSolution
		{728E50DC-457E-43F8-B611-513EEF048832}.Debug|Any CPU.ActiveCfg = Debug|Any CPU
		{728E50DC-457E-43F8-B611-513EEF048832}.Debug|Any CPU.Build.0 = Debug|Any CPU
		{728E50DC-457E-43F8-B611-513EEF048832}.Release|Any CPU.ActiveCfg = Release|Any CPU
		{728E50DC-457E-43F8-B611-513EEF048832}.Release|Any CPU.Build.0 = Release|Any CPU
	EndGlobalSection
	GlobalSection(SolutionProperties) = preSolution
		HideSolutionNode = FALSE
	EndGlobalSection
	GlobalSection(ExtensibilityGlobals) = postSolution
		SolutionGuid = {FB116A26-856B-42BC-BF04-8B9A8867B0D1}
	EndGlobalSection
EndGlobal
